{
  "lockfile_version": "1",
  "packages": {
    "github:NixOS/nixpkgs/nixpkgs-unstable": {
      "last_modified": "2025-10-28T12:57:11Z",
      "resolved": "github:NixOS/nixpkgs/e99366c665bdd53b7b500ccdc5226675cfc51f45?lastModified=1761656231&narHash=sha256-EiED5k6gXTWoAIS8yQqi5mAX6ojnzpHwAQTS3ykeYMg%3D"
    },
    "pulumi@3.192.0": {
      "last_modified": "2025-10-07T08:41:47Z",
      "resolved": "github:NixOS/nixpkgs/bce5fe2bb998488d8e7e7856315f90496723793c#pulumi",
      "source": "devbox-search",
      "version": "3.192.0",
      "systems": {
        "aarch64-darwin": {
          "outputs": [
            {
              "name": "out",
              "path": "/nix/store/v9xvlhmbvipslix9hfczpzc247y5zjjy-pulumi-3.192.0",
              "default": true
            }
          ],
          "store_path": "/nix/store/v9xvlhmbvipslix9hfczpzc247y5zjjy-pulumi-3.192.0"
        },
        "aarch64-linux": {
          "outputs": [
            {
              "name": "out",
              "path": "/nix/store/j2lf13dql4d30xnfk1cznsixzjjj131j-pulumi-3.192.0",
              "default": true
            }
          ],
          "store_path": "/nix/store/j2lf13dql4d30xnfk1cznsixzjjj131j-pulumi-3.192.0"
        },
        "x86_64-darwin": {
          "outputs": [
            {
              "name": "out",
              "path": "/nix/store/vm3asp52ymnv4zvmsi8hyrb2a6rcnhya-pulumi-3.192.0",
              "default": true
            }
          ],
          "store_path": "/nix/store/vm3asp52ymnv4zvmsi8hyrb2a6rcnhya-pulumi-3.192.0"
        },
        "x86_64-linux": {
          "outputs": [
            {
              "name": "out",
              "path": "/nix/store/vhwiimxi8jls34660ha4hfrxxfrf2lfc-pulumi-3.192.0",
              "default": true
            }
          ],
          "store_path": "/nix/store/vhwiimxi8jls34660ha4hfrxxfrf2lfc-pulumi-3.192.0"
        }
      }
    },
    "pulumiPackages.pulumi-language-go@3.156.0": {
      "last_modified": "2025-03-24T07:07:41Z",
      "resolved": "github:NixOS/nixpkgs/1750f3c1c89488e2ffdd47cab9d05454dddfb734#pulumiPackages.pulumi-language-go",
      "source": "devbox-search",
      "version": "3.156.0",
      "systems": {
        "aarch64-darwin": {
          "outputs": [
            {
              "name": "out",
              "path": "/nix/store/pdjqw983avrl4q85x6iw4dyl1pwv6z58-pulumi-language-go-3.156.0",
              "default": true
            }
          ],
          "store_path": "/nix/store/pdjqw983avrl4q85x6iw4dyl1pwv6z58-pulumi-language-go-3.156.0"
        },
        "aarch64-linux": {
          "outputs": [
            {
              "name": "out",
              "path": "/nix/store/f8a2yrfjavnx4dqyanm1wb3x7jx88vvi-pulumi-language-go-3.156.0",
              "default": true
            }
          ],
          "store_path": "/nix/store/f8a2yrfjavnx4dqyanm1wb3x7jx88vvi-pulumi-language-go-3.156.0"
        },
        "x86_64-darwin": {
          "outputs": [
            {
              "name": "out",
              "path": "/nix/store/3wdvhsq6c7vj99gc3g8yamh47sp7280d-pulumi-language-go-3.156.0",
              "default": true
            }
          ],
          "store_path": "/nix/store/3wdvhsq6c7vj99gc3g8yamh47sp7280d-pulumi-language-go-3.156.0"
        },
        "x86_64-linux": {
          "outputs": [
            {
              "name": "out",
              "path": "/nix/store/ha8277xjn1khh0nm88jas3r7xvz6npv2-pulumi-language-go-3.156.0",
              "default": true
            }
          ],
          "store_path": "/nix/store/ha8277xjn1khh0nm88jas3r7xvz6npv2-pulumi-language-go-3.156.0"
        }
      }
    }
  }
}
