{
  "lockfile_version": "1",
  "packages": {
    "github:NixOS/nixpkgs/nixpkgs-unstable": {
      "last_modified": "2025-10-28T12:57:11Z",
      "resolved": "github:NixOS/nixpkgs/e99366c665bdd53b7b500ccdc5226675cfc51f45?lastModified=1761656231&narHash=sha256-EiED5k6gXTWoAIS8yQqi5mAX6ojnzpHwAQTS3ykeYMg%3D"
    },
    "pulumi@3.192.0": {
      "last_modified": "2025-12-31T03:27:36Z",
      "resolved": "github:NixOS/nixpkgs/f665af0cdb70ed27e1bd8f9fdfecaf451260fc55#pulumi",
      "source": "devbox-search",
      "version": "3.192.0",
      "systems": {
        "aarch64-darwin": {
          "outputs": [
            {
              "name": "out",
              "path": "/nix/store/n8x2hgx3iay2kbzak7ilqflw00m5gxl3-pulumi-3.192.0",
              "default": true
            }
          ],
          "store_path": "/nix/store/n8x2hgx3iay2kbzak7ilqflw00m5gxl3-pulumi-3.192.0"
        },
        "aarch64-linux": {
          "outputs": [
            {
              "name": "out",
              "path": "/nix/store/dh0z41gpn9wrmka6xk546dxmz7w0ww1x-pulumi-3.192.0",
              "default": true
            }
          ],
          "store_path": "/nix/store/dh0z41gpn9wrmka6xk546dxmz7w0ww1x-pulumi-3.192.0"
        },
        "x86_64-darwin": {
          "outputs": [
            {
              "name": "out",
              "path": "/nix/store/hlkfclrqngq31rvlhxf8249zgmq5vc5r-pulumi-3.192.0",
              "default": true
            }
          ],
          "store_path": "/nix/store/hlkfclrqngq31rvlhxf8249zgmq5vc5r-pulumi-3.192.0"
        },
        "x86_64-linux": {
          "outputs": [
            {
              "name": "out",
              "path": "/nix/store/rf2dq59kalsqc64yp31g4p8gdvjdznsz-pulumi-3.192.0",
              "default": true
            }
          ],
          "store_path": "/nix/store/rf2dq59kalsqc64yp31g4p8gdvjdznsz-pulumi-3.192.0"
        }
      }
    },
    "pulumiPackages.pulumi-language-go@3.156.0": {
      "last_modified": "2025-03-24T07:07:41Z",
      "resolved": "github:NixOS/nixpkgs/1750f3c1c89488e2ffdd47cab9d05454dddfb734#pulumiPackages.pulumi-language-go",
      "source": "devbox-search",
      "version": "3.156.0",
      "systems": {
        "aarch64-darwin": {
          "outputs": [
            {
              "name": "out",
              "path": "/nix/store/pdjqw983avrl4q85x6iw4dyl1pwv6z58-pulumi-language-go-3.156.0",
              "default": true
            }
          ],
          "store_path": "/nix/store/pdjqw983avrl4q85x6iw4dyl1pwv6z58-pulumi-language-go-3.156.0"
        },
        "aarch64-linux": {
          "outputs": [
            {
              "name": "out",
              "path": "/nix/store/f8a2yrfjavnx4dqyanm1wb3x7jx88vvi-pulumi-language-go-3.156.0",
              "default": true
            }
          ],
          "store_path": "/nix/store/f8a2yrfjavnx4dqyanm1wb3x7jx88vvi-pulumi-language-go-3.156.0"
        },
        "x86_64-darwin": {
          "outputs": [
            {
              "name": "out",
              "path": "/nix/store/3wdvhsq6c7vj99gc3g8yamh47sp7280d-pulumi-language-go-3.156.0",
              "default": true
            }
          ],
          "store_path": "/nix/store/3wdvhsq6c7vj99gc3g8yamh47sp7280d-pulumi-language-go-3.156.0"
        },
        "x86_64-linux": {
          "outputs": [
            {
              "name": "out",
              "path": "/nix/store/ha8277xjn1khh0nm88jas3r7xvz6npv2-pulumi-language-go-3.156.0",
              "default": true
            }
          ],
          "store_path": "/nix/store/ha8277xjn1khh0nm88jas3r7xvz6npv2-pulumi-language-go-3.156.0"
        }
      }
    }
  }
}
